// !$*UTF8*$!
{
	archiveVersion = 1;
	classes = {
	};
	objectVersion = 56;
	objects = {

/* Begin PBXBuildFile section */
		D446A2F72AD21526002D733D /* AppDelegate.swift in Sources */ = {isa = PBXBuildFile; fileRef = D446A2F62AD21526002D733D /* AppDelegate.swift */; };
		D446A2F92AD21526002D733D /* SceneDelegate.swift in Sources */ = {isa = PBXBuildFile; fileRef = D446A2F82AD21526002D733D /* SceneDelegate.swift */; };
		D446A3002AD21527002D733D /* Assets.xcassets in Resources */ = {isa = PBXBuildFile; fileRef = D446A2FF2AD21527002D733D /* Assets.xcassets */; };
		D446A3032AD21527002D733D /* LaunchScreen.storyboard in Resources */ = {isa = PBXBuildFile; fileRef = D446A3012AD21527002D733D /* LaunchScreen.storyboard */; };
		D446A30C2AD21A10002D733D /* SplashViewController.swift in Sources */ = {isa = PBXBuildFile; fileRef = D446A30A2AD21A10002D733D /* SplashViewController.swift */; };
		D446A30D2AD21A10002D733D /* SplashViewController.xib in Resources */ = {isa = PBXBuildFile; fileRef = D446A30B2AD21A10002D733D /* SplashViewController.xib */; };
		D4ADF0C52AD269E2005E953E /* HomeViewModel.swift in Sources */ = {isa = PBXBuildFile; fileRef = D4ADF0C42AD269E2005E953E /* HomeViewModel.swift */; };
		D4ADF0CC2AD27423005E953E /* DetailViewController.swift in Sources */ = {isa = PBXBuildFile; fileRef = D4ADF0CA2AD27423005E953E /* DetailViewController.swift */; };
		D4ADF0CD2AD27423005E953E /* DetailViewController.xib in Resources */ = {isa = PBXBuildFile; fileRef = D4ADF0CB2AD27423005E953E /* DetailViewController.xib */; };
		D4ADF0CF2AD27CBB005E953E /* DetailViewModel.swift in Sources */ = {isa = PBXBuildFile; fileRef = D4ADF0CE2AD27CBB005E953E /* DetailViewModel.swift */; };
		D4BEFBC32AD241A0002894D2 /* SplashViewModel.swift in Sources */ = {isa = PBXBuildFile; fileRef = D4BEFBC22AD241A0002894D2 /* SplashViewModel.swift */; };
		D4BEFBC82AD244F8002894D2 /* HomeTableViewController.swift in Sources */ = {isa = PBXBuildFile; fileRef = D4BEFBC62AD244F8002894D2 /* HomeTableViewController.swift */; };
		D4BEFBC92AD244F8002894D2 /* HomeTableViewController.xib in Resources */ = {isa = PBXBuildFile; fileRef = D4BEFBC72AD244F8002894D2 /* HomeTableViewController.xib */; };
		D4BEFBCD2AD25FCD002894D2 /* HomeTableViewCell.swift in Sources */ = {isa = PBXBuildFile; fileRef = D4BEFBCB2AD25FCD002894D2 /* HomeTableViewCell.swift */; };
		D4BEFBCE2AD25FCD002894D2 /* HomeTableViewCell.xib in Resources */ = {isa = PBXBuildFile; fileRef = D4BEFBCC2AD25FCD002894D2 /* HomeTableViewCell.xib */; };
		D4BEFBD12AD2629B002894D2 /* CharactersModel.swift in Sources */ = {isa = PBXBuildFile; fileRef = D4BEFBD02AD2629B002894D2 /* CharactersModel.swift */; };
/* End PBXBuildFile section */

/* Begin PBXFileReference section */
		D446A2F32AD21526002D733D /* AppPatronesNataliaHernandez.app */ = {isa = PBXFileReference; explicitFileType = wrapper.application; includeInIndex = 0; path = AppPatronesNataliaHernandez.app; sourceTree = BUILT_PRODUCTS_DIR; };
		D446A2F62AD21526002D733D /* AppDelegate.swift */ = {isa = PBXFileReference; lastKnownFileType = sourcecode.swift; path = AppDelegate.swift; sourceTree = "<group>"; };
		D446A2F82AD21526002D733D /* SceneDelegate.swift */ = {isa = PBXFileReference; lastKnownFileType = sourcecode.swift; path = SceneDelegate.swift; sourceTree = "<group>"; };
		D446A2FF2AD21527002D733D /* Assets.xcassets */ = {isa = PBXFileReference; lastKnownFileType = folder.assetcatalog; path = Assets.xcassets; sourceTree = "<group>"; };
		D446A3022AD21527002D733D /* Base */ = {isa = PBXFileReference; lastKnownFileType = file.storyboard; name = Base; path = Base.lproj/LaunchScreen.storyboard; sourceTree = "<group>"; };
		D446A3042AD21527002D733D /* Info.plist */ = {isa = PBXFileReference; lastKnownFileType = text.plist.xml; path = Info.plist; sourceTree = "<group>"; };
		D446A30A2AD21A10002D733D /* SplashViewController.swift */ = {isa = PBXFileReference; lastKnownFileType = sourcecode.swift; path = SplashViewController.swift; sourceTree = "<group>"; };
		D446A30B2AD21A10002D733D /* SplashViewController.xib */ = {isa = PBXFileReference; lastKnownFileType = file.xib; path = SplashViewController.xib; sourceTree = "<group>"; };
		D4ADF0C42AD269E2005E953E /* HomeViewModel.swift */ = {isa = PBXFileReference; lastKnownFileType = sourcecode.swift; path = HomeViewModel.swift; sourceTree = "<group>"; };
		D4ADF0CA2AD27423005E953E /* DetailViewController.swift */ = {isa = PBXFileReference; lastKnownFileType = sourcecode.swift; path = DetailViewController.swift; sourceTree = "<group>"; };
		D4ADF0CB2AD27423005E953E /* DetailViewController.xib */ = {isa = PBXFileReference; lastKnownFileType = file.xib; path = DetailViewController.xib; sourceTree = "<group>"; };
		D4ADF0CE2AD27CBB005E953E /* DetailViewModel.swift */ = {isa = PBXFileReference; lastKnownFileType = sourcecode.swift; path = DetailViewModel.swift; sourceTree = "<group>"; };
		D4BEFBC22AD241A0002894D2 /* SplashViewModel.swift */ = {isa = PBXFileReference; lastKnownFileType = sourcecode.swift; path = SplashViewModel.swift; sourceTree = "<group>"; };
		D4BEFBC62AD244F8002894D2 /* HomeTableViewController.swift */ = {isa = PBXFileReference; lastKnownFileType = sourcecode.swift; path = HomeTableViewController.swift; sourceTree = "<group>"; };
		D4BEFBC72AD244F8002894D2 /* HomeTableViewController.xib */ = {isa = PBXFileReference; lastKnownFileType = file.xib; path = HomeTableViewController.xib; sourceTree = "<group>"; };
		D4BEFBCB2AD25FCD002894D2 /* HomeTableViewCell.swift */ = {isa = PBXFileReference; lastKnownFileType = sourcecode.swift; path = HomeTableViewCell.swift; sourceTree = "<group>"; };
		D4BEFBCC2AD25FCD002894D2 /* HomeTableViewCell.xib */ = {isa = PBXFileReference; lastKnownFileType = file.xib; path = HomeTableViewCell.xib; sourceTree = "<group>"; };
		D4BEFBD02AD2629B002894D2 /* CharactersModel.swift */ = {isa = PBXFileReference; lastKnownFileType = sourcecode.swift; path = CharactersModel.swift; sourceTree = "<group>"; };
/* End PBXFileReference section */

/* Begin PBXFrameworksBuildPhase section */
		D446A2F02AD21526002D733D /* Frameworks */ = {
			isa = PBXFrameworksBuildPhase;
			buildActionMask = 2147483647;
			files = (
			);
			runOnlyForDeploymentPostprocessing = 0;
		};
/* End PBXFrameworksBuildPhase section */

/* Begin PBXGroup section */
		D446A2EA2AD21526002D733D = {
			isa = PBXGroup;
			children = (
				D446A2F52AD21526002D733D /* AppPatronesNataliaHernandez */,
				D446A2F42AD21526002D733D /* Products */,
			);
			sourceTree = "<group>";
		};
		D446A2F42AD21526002D733D /* Products */ = {
			isa = PBXGroup;
			children = (
				D446A2F32AD21526002D733D /* AppPatronesNataliaHernandez.app */,
			);
			name = Products;
			sourceTree = "<group>";
		};
		D446A2F52AD21526002D733D /* AppPatronesNataliaHernandez */ = {
			isa = PBXGroup;
			children = (
				D446A3042AD21527002D733D /* Info.plist */,
				D446A30E2AD23EA0002D733D /* App */,
				D446A30F2AD23EAC002D733D /* Resources */,
				D4BEFBCF2AD2627B002894D2 /* Domain */,
				D4BEFBC42AD24474002894D2 /* UI */,
			);
			path = AppPatronesNataliaHernandez;
			sourceTree = "<group>";
		};
		D446A30E2AD23EA0002D733D /* App */ = {
			isa = PBXGroup;
			children = (
				D446A2F62AD21526002D733D /* AppDelegate.swift */,
				D446A2F82AD21526002D733D /* SceneDelegate.swift */,
			);
			path = App;
			sourceTree = "<group>";
		};
		D446A30F2AD23EAC002D733D /* Resources */ = {
			isa = PBXGroup;
			children = (
				D446A2FF2AD21527002D733D /* Assets.xcassets */,
			);
			path = Resources;
			sourceTree = "<group>";
		};
		D446A3102AD23EC0002D733D /* Splash */ = {
			isa = PBXGroup;
			children = (
				D446A3132AD23EEB002D733D /* Controller */,
				D446A3122AD23EDE002D733D /* View */,
				D446A3112AD23ED4002D733D /* ViewModel */,
			);
			path = Splash;
			sourceTree = "<group>";
		};
		D446A3112AD23ED4002D733D /* ViewModel */ = {
			isa = PBXGroup;
			children = (
				D4BEFBC22AD241A0002894D2 /* SplashViewModel.swift */,
			);
			path = ViewModel;
			sourceTree = "<group>";
		};
		D446A3122AD23EDE002D733D /* View */ = {
			isa = PBXGroup;
			children = (
				D446A3012AD21527002D733D /* LaunchScreen.storyboard */,
				D446A30B2AD21A10002D733D /* SplashViewController.xib */,
			);
			path = View;
			sourceTree = "<group>";
		};
		D446A3132AD23EEB002D733D /* Controller */ = {
			isa = PBXGroup;
			children = (
				D446A30A2AD21A10002D733D /* SplashViewController.swift */,
			);
			path = Controller;
			sourceTree = "<group>";
		};
		D4ADF0C12AD269B8005E953E /* View */ = {
			isa = PBXGroup;
			children = (
				D4BEFBC72AD244F8002894D2 /* HomeTableViewController.xib */,
			);
			path = View;
			sourceTree = "<group>";
		};
		D4ADF0C22AD269BE005E953E /* Controller */ = {
			isa = PBXGroup;
			children = (
				D4BEFBC62AD244F8002894D2 /* HomeTableViewController.swift */,
			);
			path = Controller;
			sourceTree = "<group>";
		};
		D4ADF0C32AD269C9005E953E /* ViewModel */ = {
			isa = PBXGroup;
			children = (
				D4ADF0C42AD269E2005E953E /* HomeViewModel.swift */,
			);
			path = ViewModel;
			sourceTree = "<group>";
		};
		D4ADF0C62AD273A4005E953E /* Detail */ = {
			isa = PBXGroup;
			children = (
				D4ADF0C92AD273BE005E953E /* ViewModel */,
				D4ADF0C82AD273B0005E953E /* View */,
				D4ADF0C72AD273AB005E953E /* Controller */,
			);
			path = Detail;
			sourceTree = "<group>";
		};
		D4ADF0C72AD273AB005E953E /* Controller */ = {
			isa = PBXGroup;
			children = (
				D4ADF0CA2AD27423005E953E /* DetailViewController.swift */,
			);
			path = Controller;
			sourceTree = "<group>";
		};
		D4ADF0C82AD273B0005E953E /* View */ = {
			isa = PBXGroup;
			children = (
				D4ADF0CB2AD27423005E953E /* DetailViewController.xib */,
			);
			path = View;
			sourceTree = "<group>";
		};
		D4ADF0C92AD273BE005E953E /* ViewModel */ = {
			isa = PBXGroup;
			children = (
				D4ADF0CE2AD27CBB005E953E /* DetailViewModel.swift */,
			);
			path = ViewModel;
			sourceTree = "<group>";
		};
		D4BEFBC42AD24474002894D2 /* UI */ = {
			isa = PBXGroup;
			children = (
				D4ADF0C62AD273A4005E953E /* Detail */,
				D4BEFBC52AD244DB002894D2 /* Home */,
				D446A3102AD23EC0002D733D /* Splash */,
			);
			path = UI;
			sourceTree = "<group>";
		};
		D4BEFBC52AD244DB002894D2 /* Home */ = {
			isa = PBXGroup;
			children = (
				D4ADF0C32AD269C9005E953E /* ViewModel */,
				D4ADF0C22AD269BE005E953E /* Controller */,
				D4ADF0C12AD269B8005E953E /* View */,
				D4BEFBCA2AD25FB8002894D2 /* Cell */,
			);
			path = Home;
			sourceTree = "<group>";
		};
		D4BEFBCA2AD25FB8002894D2 /* Cell */ = {
			isa = PBXGroup;
			children = (
				D4BEFBCB2AD25FCD002894D2 /* HomeTableViewCell.swift */,
				D4BEFBCC2AD25FCD002894D2 /* HomeTableViewCell.xib */,
			);
			path = Cell;
			sourceTree = "<group>";
		};
		D4BEFBCF2AD2627B002894D2 /* Domain */ = {
			isa = PBXGroup;
			children = (
				D4BEFBD02AD2629B002894D2 /* CharactersModel.swift */,
			);
			path = Domain;
			sourceTree = "<group>";
		};
/* End PBXGroup section */

/* Begin PBXNativeTarget section */
		D446A2F22AD21526002D733D /* AppPatronesNataliaHernandez */ = {
			isa = PBXNativeTarget;
			buildConfigurationList = D446A3072AD21527002D733D /* Build configuration list for PBXNativeTarget "AppPatronesNataliaHernandez" */;
			buildPhases = (
				D446A2EF2AD21526002D733D /* Sources */,
				D446A2F02AD21526002D733D /* Frameworks */,
				D446A2F12AD21526002D733D /* Resources */,
			);
			buildRules = (
			);
			dependencies = (
			);
			name = AppPatronesNataliaHernandez;
			productName = MVC;
			productReference = D446A2F32AD21526002D733D /* AppPatronesNataliaHernandez.app */;
			productType = "com.apple.product-type.application";
		};
/* End PBXNativeTarget section */

/* Begin PBXProject section */
		D446A2EB2AD21526002D733D /* Project object */ = {
			isa = PBXProject;
			attributes = {
				BuildIndependentTargetsInParallel = 1;
				LastSwiftUpdateCheck = 1500;
				LastUpgradeCheck = 1500;
				TargetAttributes = {
					D446A2F22AD21526002D733D = {
						CreatedOnToolsVersion = 15.0;
					};
				};
			};
			buildConfigurationList = D446A2EE2AD21526002D733D /* Build configuration list for PBXProject "AppPatronesNataliaHernandez" */;
			compatibilityVersion = "Xcode 14.0";
			developmentRegion = en;
			hasScannedForEncodings = 0;
			knownRegions = (
				en,
				Base,
			);
			mainGroup = D446A2EA2AD21526002D733D;
			productRefGroup = D446A2F42AD21526002D733D /* Products */;
			projectDirPath = "";
			projectRoot = "";
			targets = (
				D446A2F22AD21526002D733D /* AppPatronesNataliaHernandez */,
			);
		};
/* End PBXProject section */

/* Begin PBXResourcesBuildPhase section */
		D446A2F12AD21526002D733D /* Resources */ = {
			isa = PBXResourcesBuildPhase;
			buildActionMask = 2147483647;
			files = (
				D4BEFBC92AD244F8002894D2 /* HomeTableViewController.xib in Resources */,
				D4ADF0CD2AD27423005E953E /* DetailViewController.xib in Resources */,
				D446A3032AD21527002D733D /* LaunchScreen.storyboard in Resources */,
				D446A30D2AD21A10002D733D /* SplashViewController.xib in Resources */,
				D4BEFBCE2AD25FCD002894D2 /* HomeTableViewCell.xib in Resources */,
				D446A3002AD21527002D733D /* Assets.xcassets in Resources */,
			);
			runOnlyForDeploymentPostprocessing = 0;
		};
/* End PBXResourcesBuildPhase section */

/* Begin PBXSourcesBuildPhase section */
		D446A2EF2AD21526002D733D /* Sources */ = {
			isa = PBXSourcesBuildPhase;
			buildActionMask = 2147483647;
			files = (
				D4ADF0CC2AD27423005E953E /* DetailViewController.swift in Sources */,
				D4BEFBCD2AD25FCD002894D2 /* HomeTableViewCell.swift in Sources */,
				D446A30C2AD21A10002D733D /* SplashViewController.swift in Sources */,
				D4ADF0CF2AD27CBB005E953E /* DetailViewModel.swift in Sources */,
				D4BEFBD12AD2629B002894D2 /* CharactersModel.swift in Sources */,
				D4ADF0C52AD269E2005E953E /* HomeViewModel.swift in Sources */,
				D446A2F72AD21526002D733D /* AppDelegate.swift in Sources */,
				D446A2F92AD21526002D733D /* SceneDelegate.swift in Sources */,
				D4BEFBC32AD241A0002894D2 /* SplashViewModel.swift in Sources */,
				D4BEFBC82AD244F8002894D2 /* HomeTableViewController.swift in Sources */,
			);
			runOnlyForDeploymentPostprocessing = 0;
		};
/* End PBXSourcesBuildPhase section */

/* Begin PBXVariantGroup section */
		D446A3012AD21527002D733D /* LaunchScreen.storyboard */ = {
			isa = PBXVariantGroup;
			children = (
				D446A3022AD21527002D733D /* Base */,
			);
			name = LaunchScreen.storyboard;
			sourceTree = "<group>";
		};
/* End PBXVariantGroup section */

/* Begin XCBuildConfiguration section */
		D446A3052AD21527002D733D /* Debug */ = {
			isa = XCBuildConfiguration;
			buildSettings = {
				ALWAYS_SEARCH_USER_PATHS = NO;
				ASSETCATALOG_COMPILER_GENERATE_SWIFT_ASSET_SYMBOL_EXTENSIONS = YES;
				CLANG_ANALYZER_NONNULL = YES;
				CLANG_ANALYZER_NUMBER_OBJECT_CONVERSION = YES_AGGRESSIVE;
				CLANG_CXX_LANGUAGE_STANDARD = "gnu++20";
				CLANG_ENABLE_MODULES = YES;
				CLANG_ENABLE_OBJC_ARC = YES;
				CLANG_ENABLE_OBJC_WEAK = YES;
				CLANG_WARN_BLOCK_CAPTURE_AUTORELEASING = YES;
				CLANG_WARN_BOOL_CONVERSION = YES;
				CLANG_WARN_COMMA = YES;
				CLANG_WARN_CONSTANT_CONVERSION = YES;
				CLANG_WARN_DEPRECATED_OBJC_IMPLEMENTATIONS = YES;
				CLANG_WARN_DIRECT_OBJC_ISA_USAGE = YES_ERROR;
				CLANG_WARN_DOCUMENTATION_COMMENTS = YES;
				CLANG_WARN_EMPTY_BODY = YES;
				CLANG_WARN_ENUM_CONVERSION = YES;
				CLANG_WARN_INFINITE_RECURSION = YES;
				CLANG_WARN_INT_CONVERSION = YES;
				CLANG_WARN_NON_LITERAL_NULL_CONVERSION = YES;
				CLANG_WARN_OBJC_IMPLICIT_RETAIN_SELF = YES;
				CLANG_WARN_OBJC_LITERAL_CONVERSION = YES;
				CLANG_WARN_OBJC_ROOT_CLASS = YES_ERROR;
				CLANG_WARN_QUOTED_INCLUDE_IN_FRAMEWORK_HEADER = YES;
				CLANG_WARN_RANGE_LOOP_ANALYSIS = YES;
				CLANG_WARN_STRICT_PROTOTYPES = YES;
				CLANG_WARN_SUSPICIOUS_MOVE = YES;
				CLANG_WARN_UNGUARDED_AVAILABILITY = YES_AGGRESSIVE;
				CLANG_WARN_UNREACHABLE_CODE = YES;
				CLANG_WARN__DUPLICATE_METHOD_MATCH = YES;
				COPY_PHASE_STRIP = NO;
				DEBUG_INFORMATION_FORMAT = dwarf;
				ENABLE_STRICT_OBJC_MSGSEND = YES;
				ENABLE_TESTABILITY = YES;
				ENABLE_USER_SCRIPT_SANDBOXING = YES;
				GCC_C_LANGUAGE_STANDARD = gnu17;
				GCC_DYNAMIC_NO_PIC = NO;
				GCC_NO_COMMON_BLOCKS = YES;
				GCC_OPTIMIZATION_LEVEL = 0;
				GCC_PREPROCESSOR_DEFINITIONS = (
					"DEBUG=1",
					"$(inherited)",
				);
				GCC_WARN_64_TO_32_BIT_CONVERSION = YES;
				GCC_WARN_ABOUT_RETURN_TYPE = YES_ERROR;
				GCC_WARN_UNDECLARED_SELECTOR = YES;
				GCC_WARN_UNINITIALIZED_AUTOS = YES_AGGRESSIVE;
				GCC_WARN_UNUSED_FUNCTION = YES;
				GCC_WARN_UNUSED_VARIABLE = YES;
				IPHONEOS_DEPLOYMENT_TARGET = 17.0;
				LOCALIZATION_PREFERS_STRING_CATALOGS = YES;
				MTL_ENABLE_DEBUG_INFO = INCLUDE_SOURCE;
				MTL_FAST_MATH = YES;
				ONLY_ACTIVE_ARCH = YES;
				SDKROOT = iphoneos;
				SWIFT_ACTIVE_COMPILATION_CONDITIONS = "DEBUG $(inherited)";
				SWIFT_OPTIMIZATION_LEVEL = "-Onone";
			};
			name = Debug;
		};
		D446A3062AD21527002D733D /* Release */ = {
			isa = XCBuildConfiguration;
			buildSettings = {
				ALWAYS_SEARCH_USER_PATHS = NO;
				ASSETCATALOG_COMPILER_GENERATE_SWIFT_ASSET_SYMBOL_EXTENSIONS = YES;
				CLANG_ANALYZER_NONNULL = YES;
				CLANG_ANALYZER_NUMBER_OBJECT_CONVERSION = YES_AGGRESSIVE;
				CLANG_CXX_LANGUAGE_STANDARD = "gnu++20";
				CLANG_ENABLE_MODULES = YES;
				CLANG_ENABLE_OBJC_ARC = YES;
				CLANG_ENABLE_OBJC_WEAK = YES;
				CLANG_WARN_BLOCK_CAPTURE_AUTORELEASING = YES;
				CLANG_WARN_BOOL_CONVERSION = YES;
				CLANG_WARN_COMMA = YES;
				CLANG_WARN_CONSTANT_CONVERSION = YES;
				CLANG_WARN_DEPRECATED_OBJC_IMPLEMENTATIONS = YES;
				CLANG_WARN_DIRECT_OBJC_ISA_USAGE = YES_ERROR;
				CLANG_WARN_DOCUMENTATION_COMMENTS = YES;
				CLANG_WARN_EMPTY_BODY = YES;
				CLANG_WARN_ENUM_CONVERSION = YES;
				CLANG_WARN_INFINITE_RECURSION = YES;
				CLANG_WARN_INT_CONVERSION = YES;
				CLANG_WARN_NON_LITERAL_NULL_CONVERSION = YES;
				CLANG_WARN_OBJC_IMPLICIT_RETAIN_SELF = YES;
				CLANG_WARN_OBJC_LITERAL_CONVERSION = YES;
				CLANG_WARN_OBJC_ROOT_CLASS = YES_ERROR;
				CLANG_WARN_QUOTED_INCLUDE_IN_FRAMEWORK_HEADER = YES;
				CLANG_WARN_RANGE_LOOP_ANALYSIS = YES;
				CLANG_WARN_STRICT_PROTOTYPES = YES;
				CLANG_WARN_SUSPICIOUS_MOVE = YES;
				CLANG_WARN_UNGUARDED_AVAILABILITY = YES_AGGRESSIVE;
				CLANG_WARN_UNREACHABLE_CODE = YES;
				CLANG_WARN__DUPLICATE_METHOD_MATCH = YES;
				COPY_PHASE_STRIP = NO;
				DEBUG_INFORMATION_FORMAT = "dwarf-with-dsym";
				ENABLE_NS_ASSERTIONS = NO;
				ENABLE_STRICT_OBJC_MSGSEND = YES;
				ENABLE_USER_SCRIPT_SANDBOXING = YES;
				GCC_C_LANGUAGE_STANDARD = gnu17;
				GCC_NO_COMMON_BLOCKS = YES;
				GCC_WARN_64_TO_32_BIT_CONVERSION = YES;
				GCC_WARN_ABOUT_RETURN_TYPE = YES_ERROR;
				GCC_WARN_UNDECLARED_SELECTOR = YES;
				GCC_WARN_UNINITIALIZED_AUTOS = YES_AGGRESSIVE;
				GCC_WARN_UNUSED_FUNCTION = YES;
				GCC_WARN_UNUSED_VARIABLE = YES;
				IPHONEOS_DEPLOYMENT_TARGET = 17.0;
				LOCALIZATION_PREFERS_STRING_CATALOGS = YES;
				MTL_ENABLE_DEBUG_INFO = NO;
				MTL_FAST_MATH = YES;
				SDKROOT = iphoneos;
				SWIFT_COMPILATION_MODE = wholemodule;
				VALIDATE_PRODUCT = YES;
			};
			name = Release;
		};
		D446A3082AD21527002D733D /* Debug */ = {
			isa = XCBuildConfiguration;
			buildSettings = {
				ASSETCATALOG_COMPILER_APPICON_NAME = AppIcon;
				ASSETCATALOG_COMPILER_GLOBAL_ACCENT_COLOR_NAME = AccentColor;
				CODE_SIGN_STYLE = Automatic;
				CURRENT_PROJECT_VERSION = 1;
				GENERATE_INFOPLIST_FILE = YES;
				INFOPLIST_FILE = AppPatronesNataliaHernandez/Info.plist;
				INFOPLIST_KEY_UIApplicationSupportsIndirectInputEvents = YES;
				INFOPLIST_KEY_UILaunchStoryboardName = LaunchScreen;
				INFOPLIST_KEY_UISupportedInterfaceOrientations_iPad = "UIInterfaceOrientationPortrait UIInterfaceOrientationPortraitUpsideDown UIInterfaceOrientationLandscapeLeft UIInterfaceOrientationLandscapeRight";
				INFOPLIST_KEY_UISupportedInterfaceOrientations_iPhone = "UIInterfaceOrientationPortrait UIInterfaceOrientationLandscapeLeft UIInterfaceOrientationLandscapeRight";
				LD_RUNPATH_SEARCH_PATHS = (
					"$(inherited)",
					"@executable_path/Frameworks",
				);
				MARKETING_VERSION = 1.0;
				PRODUCT_BUNDLE_IDENTIFIER = "natalia-hernandez.AppPatronesNataliaHernandez";
				PRODUCT_NAME = "$(TARGET_NAME)";
				SWIFT_EMIT_LOC_STRINGS = YES;
				SWIFT_VERSION = 5.0;
				TARGETED_DEVICE_FAMILY = "1,2";
			};
			name = Debug;
		};
		D446A3092AD21527002D733D /* Release */ = {
			isa = XCBuildConfiguration;
			buildSettings = {
				ASSETCATALOG_COMPILER_APPICON_NAME = AppIcon;
				ASSETCATALOG_COMPILER_GLOBAL_ACCENT_COLOR_NAME = AccentColor;
				CODE_SIGN_STYLE = Automatic;
				CURRENT_PROJECT_VERSION = 1;
				GENERATE_INFOPLIST_FILE = YES;
				INFOPLIST_FILE = AppPatronesNataliaHernandez/Info.plist;
				INFOPLIST_KEY_UIApplicationSupportsIndirectInputEvents = YES;
				INFOPLIST_KEY_UILaunchStoryboardName = LaunchScreen;
				INFOPLIST_KEY_UISupportedInterfaceOrientations_iPad = "UIInterfaceOrientationPortrait UIInterfaceOrientationPortraitUpsideDown UIInterfaceOrientationLandscapeLeft UIInterfaceOrientationLandscapeRight";
				INFOPLIST_KEY_UISupportedInterfaceOrientations_iPhone = "UIInterfaceOrientationPortrait UIInterfaceOrientationLandscapeLeft UIInterfaceOrientationLandscapeRight";
				LD_RUNPATH_SEARCH_PATHS = (
					"$(inherited)",
					"@executable_path/Frameworks",
				);
				MARKETING_VERSION = 1.0;
				PRODUCT_BUNDLE_IDENTIFIER = "natalia-hernandez.AppPatronesNataliaHernandez";
				PRODUCT_NAME = "$(TARGET_NAME)";
				SWIFT_EMIT_LOC_STRINGS = YES;
				SWIFT_VERSION = 5.0;
				TARGETED_DEVICE_FAMILY = "1,2";
			};
			name = Release;
		};
/* End XCBuildConfiguration section */

/* Begin XCConfigurationList section */
		D446A2EE2AD21526002D733D /* Build configuration list for PBXProject "AppPatronesNataliaHernandez" */ = {
			isa = XCConfigurationList;
			buildConfigurations = (
				D446A3052AD21527002D733D /* Debug */,
				D446A3062AD21527002D733D /* Release */,
			);
			defaultConfigurationIsVisible = 0;
			defaultConfigurationName = Release;
		};
		D446A3072AD21527002D733D /* Build configuration list for PBXNativeTarget "AppPatronesNataliaHernandez" */ = {
			isa = XCConfigurationList;
			buildConfigurations = (
				D446A3082AD21527002D733D /* Debug */,
				D446A3092AD21527002D733D /* Release */,
			);
			defaultConfigurationIsVisible = 0;
			defaultConfigurationName = Release;
		};
/* End XCConfigurationList section */
	};
	rootObject = D446A2EB2AD21526002D733D /* Project object */;
}
